
Microsoft Visual Studio Solution File, Format Version 12.00
# Visual Studio 15
VisualStudioVersion = 15.0.27130.2003
MinimumVisualStudioVersion = 10.0.40219.1
Project("{FAE04EC0-301F-11D3-BF4B-00C04F79EFBC}") = "Cherwell.Triangle", "Cherwell.Triangle\Cherwell.Triangle.csproj", "{89256780-8150-4373-8506-D507694C61AA}"
EndProject
Project("{FAE04EC0-301F-11D3-BF4B-00C04F79EFBC}") = "Cherwell.Triangle.Test", "Cherwell.Triangle.Test\Cherwell.Triangle.Test.csproj", "{23B8AA21-1A73-42B5-A6D5-CA87244F25DA}"
EndProject
Global
	GlobalSection(SolutionConfigurationPlatforms) = preSolution
		Debug|Any CPU = Debug|Any CPU
		Release|Any CPU = Release|Any CPU
	EndGlobalSection
	GlobalSection(ProjectConfigurationPlatforms) = postSolution
		{89256780-8150-4373-8506-D507694C61AA}.Debug|Any CPU.ActiveCfg = Debug|Any CPU
		{89256780-8150-4373-8506-D507694C61AA}.Debug|Any CPU.Build.0 = Debug|Any CPU
		{89256780-8150-4373-8506-D507694C61AA}.Release|Any CPU.ActiveCfg = Release|Any CPU
		{89256780-8150-4373-8506-D507694C61AA}.Release|Any CPU.Build.0 = Release|Any CPU
		{23B8AA21-1A73-42B5-A6D5-CA87244F25DA}.Debug|Any CPU.ActiveCfg = Debug|Any CPU
		{23B8AA21-1A73-42B5-A6D5-CA87244F25DA}.Debug|Any CPU.Build.0 = Debug|Any CPU
		{23B8AA21-1A73-42B5-A6D5-CA87244F25DA}.Release|Any CPU.ActiveCfg = Release|Any CPU
		{23B8AA21-1A73-42B5-A6D5-CA87244F25DA}.Release|Any CPU.Build.0 = Release|Any CPU
	EndGlobalSection
	GlobalSection(SolutionProperties) = preSolution
		HideSolutionNode = FALSE
	EndGlobalSection
	GlobalSection(ExtensibilityGlobals) = postSolution
		SolutionGuid = {ED661003-A643-4121-B74E-05838F5D1EFE}
	EndGlobalSection
EndGlobal
